
Microsoft Visual Studio Solution File, Format Version 12.00
# Visual Studio Version 17
VisualStudioVersion = 17.4.33122.133
MinimumVisualStudioVersion = 10.0.40219.1
Project("{8BC9CEB8-8B4A-11D0-8D11-00A0C91BC942}") = "exercise-0-0", "exercise-0-0\exercise-0-0.vcxproj", "{0AAD90CD-4433-42AE-B371-0083F5255FC9}"
EndProject
Project("{8BC9CEB8-8B4A-11D0-8D11-00A0C91BC942}") = "exercise-0-2", "exercise-0-2\exercise-0-2.vcxproj", "{94930DC4-1F1F-4728-AC17-071FE90989E7}"
EndProject
Project("{8BC9CEB8-8B4A-11D0-8D11-00A0C91BC942}") = "exercise-0-4", "exercise-0-4\exercise-0-4.vcxproj", "{38DB9087-0E9C-4EA6-A5CD-A30BDF3908A9}"
EndProject
Project("{8BC9CEB8-8B4A-11D0-8D11-00A0C91BC942}") = "exercise-1-3", "exercise-1-3\exercise-1-3.vcxproj", "{3D8EC2D0-4901-4BF7-87A2-64656089EE56}"
EndProject
Global
	GlobalSection(SolutionConfigurationPlatforms) = preSolution
		Debug|ARM = Debug|ARM
		Debug|ARM64 = Debug|ARM64
		Debug|x64 = Debug|x64
		Debug|x86 = Debug|x86
		Release|ARM = Release|ARM
		Release|ARM64 = Release|ARM64
		Release|x64 = Release|x64
		Release|x86 = Release|x86
	EndGlobalSection
	GlobalSection(ProjectConfigurationPlatforms) = postSolution
		{0AAD90CD-4433-42AE-B371-0083F5255FC9}.Debug|ARM.ActiveCfg = Debug|x64
		{0AAD90CD-4433-42AE-B371-0083F5255FC9}.Debug|ARM.Build.0 = Debug|x64
		{0AAD90CD-4433-42AE-B371-0083F5255FC9}.Debug|ARM64.ActiveCfg = Debug|x64
		{0AAD90CD-4433-42AE-B371-0083F5255FC9}.Debug|ARM64.Build.0 = Debug|x64
		{0AAD90CD-4433-42AE-B371-0083F5255FC9}.Debug|x64.ActiveCfg = Debug|x64
		{0AAD90CD-4433-42AE-B371-0083F5255FC9}.Debug|x64.Build.0 = Debug|x64
		{0AAD90CD-4433-42AE-B371-0083F5255FC9}.Debug|x86.ActiveCfg = Debug|Win32
		{0AAD90CD-4433-42AE-B371-0083F5255FC9}.Debug|x86.Build.0 = Debug|Win32
		{0AAD90CD-4433-42AE-B371-0083F5255FC9}.Release|ARM.ActiveCfg = Release|x64
		{0AAD90CD-4433-42AE-B371-0083F5255FC9}.Release|ARM.Build.0 = Release|x64
		{0AAD90CD-4433-42AE-B371-0083F5255FC9}.Release|ARM64.ActiveCfg = Release|x64
		{0AAD90CD-4433-42AE-B371-0083F5255FC9}.Release|ARM64.Build.0 = Release|x64
		{0AAD90CD-4433-42AE-B371-0083F5255FC9}.Release|x64.ActiveCfg = Release|x64
		{0AAD90CD-4433-42AE-B371-0083F5255FC9}.Release|x64.Build.0 = Release|x64
		{0AAD90CD-4433-42AE-B371-0083F5255FC9}.Release|x86.ActiveCfg = Release|Win32
		{0AAD90CD-4433-42AE-B371-0083F5255FC9}.Release|x86.Build.0 = Release|Win32
		{94930DC4-1F1F-4728-AC17-071FE90989E7}.Debug|ARM.ActiveCfg = Debug|x64
		{94930DC4-1F1F-4728-AC17-071FE90989E7}.Debug|ARM.Build.0 = Debug|x64
		{94930DC4-1F1F-4728-AC17-071FE90989E7}.Debug|ARM64.ActiveCfg = Debug|x64
		{94930DC4-1F1F-4728-AC17-071FE90989E7}.Debug|ARM64.Build.0 = Debug|x64
		{94930DC4-1F1F-4728-AC17-071FE90989E7}.Debug|x64.ActiveCfg = Debug|x64
		{94930DC4-1F1F-4728-AC17-071FE90989E7}.Debug|x64.Build.0 = Debug|x64
		{94930DC4-1F1F-4728-AC17-071FE90989E7}.Debug|x86.ActiveCfg = Debug|Win32
		{94930DC4-1F1F-4728-AC17-071FE90989E7}.Debug|x86.Build.0 = Debug|Win32
		{94930DC4-1F1F-4728-AC17-071FE90989E7}.Release|ARM.ActiveCfg = Release|x64
		{94930DC4-1F1F-4728-AC17-071FE90989E7}.Release|ARM.Build.0 = Release|x64
		{94930DC4-1F1F-4728-AC17-071FE90989E7}.Release|ARM64.ActiveCfg = Release|x64
		{94930DC4-1F1F-4728-AC17-071FE90989E7}.Release|ARM64.Build.0 = Release|x64
		{94930DC4-1F1F-4728-AC17-071FE90989E7}.Release|x64.ActiveCfg = Release|x64
		{94930DC4-1F1F-4728-AC17-071FE90989E7}.Release|x64.Build.0 = Release|x64
		{94930DC4-1F1F-4728-AC17-071FE90989E7}.Release|x86.ActiveCfg = Release|Win32
		{94930DC4-1F1F-4728-AC17-071FE90989E7}.Release|x86.Build.0 = Release|Win32
		{38DB9087-0E9C-4EA6-A5CD-A30BDF3908A9}.Debug|ARM.ActiveCfg = Debug|x64
		{38DB9087-0E9C-4EA6-A5CD-A30BDF3908A9}.Debug|ARM.Build.0 = Debug|x64
		{38DB9087-0E9C-4EA6-A5CD-A30BDF3908A9}.Debug|ARM64.ActiveCfg = Debug|x64
		{38DB9087-0E9C-4EA6-A5CD-A30BDF3908A9}.Debug|ARM64.Build.0 = Debug|x64
		{38DB9087-0E9C-4EA6-A5CD-A30BDF3908A9}.Debug|x64.ActiveCfg = Debug|x64
		{38DB9087-0E9C-4EA6-A5CD-A30BDF3908A9}.Debug|x64.Build.0 = Debug|x64
		{38DB9087-0E9C-4EA6-A5CD-A30BDF3908A9}.Debug|x86.ActiveCfg = Debug|Win32
		{38DB9087-0E9C-4EA6-A5CD-A30BDF3908A9}.Debug|x86.Build.0 = Debug|Win32
		{38DB9087-0E9C-4EA6-A5CD-A30BDF3908A9}.Release|ARM.ActiveCfg = Release|x64
		{38DB9087-0E9C-4EA6-A5CD-A30BDF3908A9}.Release|ARM.Build.0 = Release|x64
		{38DB9087-0E9C-4EA6-A5CD-A30BDF3908A9}.Release|ARM64.ActiveCfg = Release|x64
		{38DB9087-0E9C-4EA6-A5CD-A30BDF3908A9}.Release|ARM64.Build.0 = Release|x64
		{38DB9087-0E9C-4EA6-A5CD-A30BDF3908A9}.Release|x64.ActiveCfg = Release|x64
		{38DB9087-0E9C-4EA6-A5CD-A30BDF3908A9}.Release|x64.Build.0 = Release|x64
		{38DB9087-0E9C-4EA6-A5CD-A30BDF3908A9}.Release|x86.ActiveCfg = Release|Win32
		{38DB9087-0E9C-4EA6-A5CD-A30BDF3908A9}.Release|x86.Build.0 = Release|Win32
		{3D8EC2D0-4901-4BF7-87A2-64656089EE56}.Debug|ARM.ActiveCfg = Debug|ARM
		{3D8EC2D0-4901-4BF7-87A2-64656089EE56}.Debug|ARM.Build.0 = Debug|ARM
		{3D8EC2D0-4901-4BF7-87A2-64656089EE56}.Debug|ARM.Deploy.0 = Debug|ARM
		{3D8EC2D0-4901-4BF7-87A2-64656089EE56}.Debug|ARM64.ActiveCfg = Debug|ARM64
		{3D8EC2D0-4901-4BF7-87A2-64656089EE56}.Debug|ARM64.Build.0 = Debug|ARM64
		{3D8EC2D0-4901-4BF7-87A2-64656089EE56}.Debug|ARM64.Deploy.0 = Debug|ARM64
		{3D8EC2D0-4901-4BF7-87A2-64656089EE56}.Debug|x64.ActiveCfg = Debug|x64
		{3D8EC2D0-4901-4BF7-87A2-64656089EE56}.Debug|x64.Build.0 = Debug|x64
		{3D8EC2D0-4901-4BF7-87A2-64656089EE56}.Debug|x64.Deploy.0 = Debug|x64
		{3D8EC2D0-4901-4BF7-87A2-64656089EE56}.Debug|x86.ActiveCfg = Debug|x86
		{3D8EC2D0-4901-4BF7-87A2-64656089EE56}.Debug|x86.Build.0 = Debug|x86
		{3D8EC2D0-4901-4BF7-87A2-64656089EE56}.Debug|x86.Deploy.0 = Debug|x86
		{3D8EC2D0-4901-4BF7-87A2-64656089EE56}.Release|ARM.ActiveCfg = Release|ARM
		{3D8EC2D0-4901-4BF7-87A2-64656089EE56}.Release|ARM.Build.0 = Release|ARM
		{3D8EC2D0-4901-4BF7-87A2-64656089EE56}.Release|ARM.Deploy.0 = Release|ARM
		{3D8EC2D0-4901-4BF7-87A2-64656089EE56}.Release|ARM64.ActiveCfg = Release|ARM64
		{3D8EC2D0-4901-4BF7-87A2-64656089EE56}.Release|ARM64.Build.0 = Release|ARM64
		{3D8EC2D0-4901-4BF7-87A2-64656089EE56}.Release|ARM64.Deploy.0 = Release|ARM64
		{3D8EC2D0-4901-4BF7-87A2-64656089EE56}.Release|x64.ActiveCfg = Release|x64
		{3D8EC2D0-4901-4BF7-87A2-64656089EE56}.Release|x64.Build.0 = Release|x64
		{3D8EC2D0-4901-4BF7-87A2-64656089EE56}.Release|x64.Deploy.0 = Release|x64
		{3D8EC2D0-4901-4BF7-87A2-64656089EE56}.Release|x86.ActiveCfg = Release|x86
		{3D8EC2D0-4901-4BF7-87A2-64656089EE56}.Release|x86.Build.0 = Release|x86
		{3D8EC2D0-4901-4BF7-87A2-64656089EE56}.Release|x86.Deploy.0 = Release|x86
	EndGlobalSection
	GlobalSection(SolutionProperties) = preSolution
		HideSolutionNode = FALSE
	EndGlobalSection
	GlobalSection(ExtensibilityGlobals) = postSolution
		SolutionGuid = {D2D0D880-CA1F-4EE1-80B9-5CE2A5540B06}
	EndGlobalSection
EndGlobal
